PODS:
  - AFNetworking/NSURLSession (4.0.1):
    - AFNetworking/Reachability
    - AFNetworking/Security
    - AFNetworking/Serialization
  - AFNetworking/Reachability (4.0.1)
  - AFNetworking/Security (4.0.1)
  - AFNetworking/Serialization (4.0.1)
  - QBNetworking (0.0.4):
    - AFNetworking/NSURLSession (>= 4.0)

DEPENDENCIES:
  - QBNetworking (from `../`)

SPEC REPOS:
  trunk:
    - AFNetworking

EXTERNAL SOURCES:
  QBNetworking:
    :path: "../"

SPEC CHECKSUMS:
  AFNetworking: 7864c38297c79aaca1500c33288e429c3451fdce
  QBNetworking: 3bcc1e0e3e53dc455f0d2368c571f8b194e55fa6

PODFILE CHECKSUM: 0392af6ed04d1154e5bc7010b6a1bf0710f30a59

COCOAPODS: 1.9.3
