PODS:
  - AFNetworking/NSURLSession (4.0.1):
    - AFNetworking/Reachability
    - AFNetworking/Security
    - AFNetworking/Serialization
  - AFNetworking/Reachability (4.0.1)
  - AFNetworking/Security (4.0.1)
  - AFNetworking/Serialization (4.0.1)
  - QBNetworking (0.0.1):
    - AFNetworking/NSURLSession (~> 4.0)

DEPENDENCIES:
  - QBNetworking

SPEC REPOS:
  trunk:
    - AFNetworking
    - QBNetworking

SPEC CHECKSUMS:
  AFNetworking: 7864c38297c79aaca1500c33288e429c3451fdce
  QBNetworking: 13065b3b3ee6333ff37aa8143ab17473a9b674ac

PODFILE CHECKSUM: 50aa2d7cb5f15683fbfa415e10545d51bc02d261

COCOAPODS: 1.9.3
