PODS:
  - AFNetworking/NSURLSession (4.0.1):
    - AFNetworking/Reachability
    - AFNetworking/Security
    - AFNetworking/Serialization
  - AFNetworking/Reachability (4.0.1)
  - AFNetworking/Security (4.0.1)
  - AFNetworking/Serialization (4.0.1)
  - QBNetwork (0.0.1):
    - AFNetworking/NSURLSession (~> 4.0)

DEPENDENCIES:
  - QBNetwork (from `../../QBNetwork`)

SPEC REPOS:
  trunk:
    - AFNetworking

EXTERNAL SOURCES:
  QBNetwork:
    :path: "../../QBNetwork"

SPEC CHECKSUMS:
  AFNetworking: 7864c38297c79aaca1500c33288e429c3451fdce
  QBNetwork: edbb759f535189d3114cc640356f2c9b31b12d8f

PODFILE CHECKSUM: 1008710b48b05b622103f79725bd1e55f1275c95

COCOAPODS: 1.9.3
